
Microsoft Visual Studio Solution File, Format Version 12.00
# Visual Studio 2013
VisualStudioVersion = 12.0.30723.0
MinimumVisualStudioVersion = 10.0.40219.1
Project("{FAE04EC0-301F-11D3-BF4B-00C04F79EFBC}") = "BooksD", "BooksD\BooksD.csproj", "{EA4C592C-DBA9-4158-BB04-0C066AA07CB1}"
EndProject
Project("{FAE04EC0-301F-11D3-BF4B-00C04F79EFBC}") = "BooksT", "BooksT\BooksT.csproj", "{65AAC41C-D720-436B-997F-31F00AE5BB25}"
EndProject
Global
	GlobalSection(SolutionConfigurationPlatforms) = preSolution
		Ad-Hoc|Any CPU = Ad-Hoc|Any CPU
		Ad-Hoc|iPhone = Ad-Hoc|iPhone
		Ad-Hoc|iPhoneSimulator = Ad-Hoc|iPhoneSimulator
		Ad-Hoc|Mixed Platforms = Ad-Hoc|Mixed Platforms
		AppStore|Any CPU = AppStore|Any CPU
		AppStore|iPhone = AppStore|iPhone
		AppStore|iPhoneSimulator = AppStore|iPhoneSimulator
		AppStore|Mixed Platforms = AppStore|Mixed Platforms
		Debug|Any CPU = Debug|Any CPU
		Debug|iPhone = Debug|iPhone
		Debug|iPhoneSimulator = Debug|iPhoneSimulator
		Debug|Mixed Platforms = Debug|Mixed Platforms
		Release|Any CPU = Release|Any CPU
		Release|iPhone = Release|iPhone
		Release|iPhoneSimulator = Release|iPhoneSimulator
		Release|Mixed Platforms = Release|Mixed Platforms
	EndGlobalSection
	GlobalSection(ProjectConfigurationPlatforms) = postSolution
		{EA4C592C-DBA9-4158-BB04-0C066AA07CB1}.Ad-Hoc|Any CPU.ActiveCfg = Release|Any CPU
		{EA4C592C-DBA9-4158-BB04-0C066AA07CB1}.Ad-Hoc|Any CPU.Build.0 = Release|Any CPU
		{EA4C592C-DBA9-4158-BB04-0C066AA07CB1}.Ad-Hoc|Any CPU.Deploy.0 = Release|Any CPU
		{EA4C592C-DBA9-4158-BB04-0C066AA07CB1}.Ad-Hoc|iPhone.ActiveCfg = Release|Any CPU
		{EA4C592C-DBA9-4158-BB04-0C066AA07CB1}.Ad-Hoc|iPhoneSimulator.ActiveCfg = Release|Any CPU
		{EA4C592C-DBA9-4158-BB04-0C066AA07CB1}.Ad-Hoc|Mixed Platforms.ActiveCfg = Release|Any CPU
		{EA4C592C-DBA9-4158-BB04-0C066AA07CB1}.Ad-Hoc|Mixed Platforms.Build.0 = Release|Any CPU
		{EA4C592C-DBA9-4158-BB04-0C066AA07CB1}.Ad-Hoc|Mixed Platforms.Deploy.0 = Release|Any CPU
		{EA4C592C-DBA9-4158-BB04-0C066AA07CB1}.AppStore|Any CPU.ActiveCfg = Release|Any CPU
		{EA4C592C-DBA9-4158-BB04-0C066AA07CB1}.AppStore|Any CPU.Build.0 = Release|Any CPU
		{EA4C592C-DBA9-4158-BB04-0C066AA07CB1}.AppStore|Any CPU.Deploy.0 = Release|Any CPU
		{EA4C592C-DBA9-4158-BB04-0C066AA07CB1}.AppStore|iPhone.ActiveCfg = Release|Any CPU
		{EA4C592C-DBA9-4158-BB04-0C066AA07CB1}.AppStore|iPhoneSimulator.ActiveCfg = Release|Any CPU
		{EA4C592C-DBA9-4158-BB04-0C066AA07CB1}.AppStore|Mixed Platforms.ActiveCfg = Release|Any CPU
		{EA4C592C-DBA9-4158-BB04-0C066AA07CB1}.AppStore|Mixed Platforms.Build.0 = Release|Any CPU
		{EA4C592C-DBA9-4158-BB04-0C066AA07CB1}.AppStore|Mixed Platforms.Deploy.0 = Release|Any CPU
		{EA4C592C-DBA9-4158-BB04-0C066AA07CB1}.Debug|Any CPU.ActiveCfg = Debug|Any CPU
		{EA4C592C-DBA9-4158-BB04-0C066AA07CB1}.Debug|Any CPU.Build.0 = Debug|Any CPU
		{EA4C592C-DBA9-4158-BB04-0C066AA07CB1}.Debug|Any CPU.Deploy.0 = Debug|Any CPU
		{EA4C592C-DBA9-4158-BB04-0C066AA07CB1}.Debug|iPhone.ActiveCfg = Debug|Any CPU
		{EA4C592C-DBA9-4158-BB04-0C066AA07CB1}.Debug|iPhoneSimulator.ActiveCfg = Debug|Any CPU
		{EA4C592C-DBA9-4158-BB04-0C066AA07CB1}.Debug|Mixed Platforms.ActiveCfg = Debug|Any CPU
		{EA4C592C-DBA9-4158-BB04-0C066AA07CB1}.Debug|Mixed Platforms.Build.0 = Debug|Any CPU
		{EA4C592C-DBA9-4158-BB04-0C066AA07CB1}.Debug|Mixed Platforms.Deploy.0 = Debug|Any CPU
		{EA4C592C-DBA9-4158-BB04-0C066AA07CB1}.Release|Any CPU.ActiveCfg = Release|Any CPU
		{EA4C592C-DBA9-4158-BB04-0C066AA07CB1}.Release|Any CPU.Build.0 = Release|Any CPU
		{EA4C592C-DBA9-4158-BB04-0C066AA07CB1}.Release|Any CPU.Deploy.0 = Release|Any CPU
		{EA4C592C-DBA9-4158-BB04-0C066AA07CB1}.Release|iPhone.ActiveCfg = Release|Any CPU
		{EA4C592C-DBA9-4158-BB04-0C066AA07CB1}.Release|iPhoneSimulator.ActiveCfg = Release|Any CPU
		{EA4C592C-DBA9-4158-BB04-0C066AA07CB1}.Release|Mixed Platforms.ActiveCfg = Release|Any CPU
		{EA4C592C-DBA9-4158-BB04-0C066AA07CB1}.Release|Mixed Platforms.Build.0 = Release|Any CPU
		{EA4C592C-DBA9-4158-BB04-0C066AA07CB1}.Release|Mixed Platforms.Deploy.0 = Release|Any CPU
		{65AAC41C-D720-436B-997F-31F00AE5BB25}.Ad-Hoc|Any CPU.ActiveCfg = Ad-Hoc|iPhone
		{65AAC41C-D720-436B-997F-31F00AE5BB25}.Ad-Hoc|iPhone.ActiveCfg = Ad-Hoc|iPhone
		{65AAC41C-D720-436B-997F-31F00AE5BB25}.Ad-Hoc|iPhone.Build.0 = Ad-Hoc|iPhone
		{65AAC41C-D720-436B-997F-31F00AE5BB25}.Ad-Hoc|iPhoneSimulator.ActiveCfg = Ad-Hoc|iPhoneSimulator
		{65AAC41C-D720-436B-997F-31F00AE5BB25}.Ad-Hoc|iPhoneSimulator.Build.0 = Ad-Hoc|iPhoneSimulator
		{65AAC41C-D720-436B-997F-31F00AE5BB25}.Ad-Hoc|Mixed Platforms.ActiveCfg = Ad-Hoc|iPhone
		{65AAC41C-D720-436B-997F-31F00AE5BB25}.Ad-Hoc|Mixed Platforms.Build.0 = Ad-Hoc|iPhone
		{65AAC41C-D720-436B-997F-31F00AE5BB25}.AppStore|Any CPU.ActiveCfg = AppStore|iPhone
		{65AAC41C-D720-436B-997F-31F00AE5BB25}.AppStore|iPhone.ActiveCfg = AppStore|iPhone
		{65AAC41C-D720-436B-997F-31F00AE5BB25}.AppStore|iPhone.Build.0 = AppStore|iPhone
		{65AAC41C-D720-436B-997F-31F00AE5BB25}.AppStore|iPhoneSimulator.ActiveCfg = AppStore|iPhoneSimulator
		{65AAC41C-D720-436B-997F-31F00AE5BB25}.AppStore|iPhoneSimulator.Build.0 = AppStore|iPhoneSimulator
		{65AAC41C-D720-436B-997F-31F00AE5BB25}.AppStore|Mixed Platforms.ActiveCfg = AppStore|iPhone
		{65AAC41C-D720-436B-997F-31F00AE5BB25}.AppStore|Mixed Platforms.Build.0 = AppStore|iPhone
		{65AAC41C-D720-436B-997F-31F00AE5BB25}.Debug|Any CPU.ActiveCfg = Debug|iPhone
		{65AAC41C-D720-436B-997F-31F00AE5BB25}.Debug|iPhone.ActiveCfg = Debug|iPhone
		{65AAC41C-D720-436B-997F-31F00AE5BB25}.Debug|iPhone.Build.0 = Debug|iPhone
		{65AAC41C-D720-436B-997F-31F00AE5BB25}.Debug|iPhoneSimulator.ActiveCfg = Debug|iPhoneSimulator
		{65AAC41C-D720-436B-997F-31F00AE5BB25}.Debug|iPhoneSimulator.Build.0 = Debug|iPhoneSimulator
		{65AAC41C-D720-436B-997F-31F00AE5BB25}.Debug|Mixed Platforms.ActiveCfg = Debug|iPhone
		{65AAC41C-D720-436B-997F-31F00AE5BB25}.Debug|Mixed Platforms.Build.0 = Debug|iPhone
		{65AAC41C-D720-436B-997F-31F00AE5BB25}.Release|Any CPU.ActiveCfg = Release|iPhone
		{65AAC41C-D720-436B-997F-31F00AE5BB25}.Release|iPhone.ActiveCfg = Release|iPhone
		{65AAC41C-D720-436B-997F-31F00AE5BB25}.Release|iPhone.Build.0 = Release|iPhone
		{65AAC41C-D720-436B-997F-31F00AE5BB25}.Release|iPhoneSimulator.ActiveCfg = Release|iPhoneSimulator
		{65AAC41C-D720-436B-997F-31F00AE5BB25}.Release|iPhoneSimulator.Build.0 = Release|iPhoneSimulator
		{65AAC41C-D720-436B-997F-31F00AE5BB25}.Release|Mixed Platforms.ActiveCfg = Release|iPhone
		{65AAC41C-D720-436B-997F-31F00AE5BB25}.Release|Mixed Platforms.Build.0 = Release|iPhone
	EndGlobalSection
	GlobalSection(SolutionProperties) = preSolution
		HideSolutionNode = FALSE
	EndGlobalSection
EndGlobal
